{
  "object": {
    "pins": [
      {
        "package": "Chainable",
        "repositoryURL": "https://github.com/tapsandswipes/Chainable.git",
        "state": {
          "branch": "main",
          "revision": "bba3ab6316af6bb8b3df997f60c9a93411be5eab",
          "version": null
        }
      }
    ]
  },
  "version": 1
}
